
Microsoft Visual Studio Solution File, Format Version 12.00
# Visual Studio 15
VisualStudioVersion = 15.0.28010.2048
MinimumVisualStudioVersion = 10.0.40219.1
Project("{FAE04EC0-301F-11D3-BF4B-00C04F79EFBC}") = "Vehicles", "Vehicles\Vehicles.csproj", "{585BF5D0-FB39-4D99-8146-D799652CECCF}"
EndProject
Project("{FAE04EC0-301F-11D3-BF4B-00C04F79EFBC}") = "WildFarm", "WildFarm\WildFarm.csproj", "{2DC0FA3E-B303-4AF2-AA61-56648D153946}"
EndProject
Global
	GlobalSection(SolutionConfigurationPlatforms) = preSolution
		Debug|Any CPU = Debug|Any CPU
		Release|Any CPU = Release|Any CPU
	EndGlobalSection
	GlobalSection(ProjectConfigurationPlatforms) = postSolution
		{585BF5D0-FB39-4D99-8146-D799652CECCF}.Debug|Any CPU.ActiveCfg = Debug|Any CPU
		{585BF5D0-FB39-4D99-8146-D799652CECCF}.Debug|Any CPU.Build.0 = Debug|Any CPU
		{585BF5D0-FB39-4D99-8146-D799652CECCF}.Release|Any CPU.ActiveCfg = Release|Any CPU
		{585BF5D0-FB39-4D99-8146-D799652CECCF}.Release|Any CPU.Build.0 = Release|Any CPU
		{2DC0FA3E-B303-4AF2-AA61-56648D153946}.Debug|Any CPU.ActiveCfg = Debug|Any CPU
		{2DC0FA3E-B303-4AF2-AA61-56648D153946}.Debug|Any CPU.Build.0 = Debug|Any CPU
		{2DC0FA3E-B303-4AF2-AA61-56648D153946}.Release|Any CPU.ActiveCfg = Release|Any CPU
		{2DC0FA3E-B303-4AF2-AA61-56648D153946}.Release|Any CPU.Build.0 = Release|Any CPU
	EndGlobalSection
	GlobalSection(SolutionProperties) = preSolution
		HideSolutionNode = FALSE
	EndGlobalSection
	GlobalSection(ExtensibilityGlobals) = postSolution
		SolutionGuid = {C066D16F-712F-4FFF-968A-81C8E498DAA2}
	EndGlobalSection
EndGlobal
