
Microsoft Visual Studio Solution File, Format Version 12.00
# Visual Studio 15
VisualStudioVersion = 15.0.28010.2046
MinimumVisualStudioVersion = 10.0.40219.1
Project("{9A19103F-16F7-4668-BE54-9A1E7A4F7556}") = "Person", "Person\Person.csproj", "{C63A9E63-0030-4219-B4A3-5E0F6B50185A}"
EndProject
Project("{9A19103F-16F7-4668-BE54-9A1E7A4F7556}") = "BookShop", "BookShop\BookShop.csproj", "{CC827495-4577-4E11-A5FE-A925F0E0E0A5}"
EndProject
Project("{9A19103F-16F7-4668-BE54-9A1E7A4F7556}") = "Mankind", "Mankind\Mankind.csproj", "{AB710809-1740-4781-81A2-05CD9906AEDF}"
EndProject
Project("{9A19103F-16F7-4668-BE54-9A1E7A4F7556}") = "OnlineRadioDatabase", "OnlineRadioDatabase\OnlineRadioDatabase.csproj", "{5145613A-AD94-42F9-9581-2F5445A9466E}"
EndProject
Project("{9A19103F-16F7-4668-BE54-9A1E7A4F7556}") = "Animals", "Animals\Animals.csproj", "{F0F0EA10-F391-491F-957B-14A54E968F0F}"
EndProject
Project("{FAE04EC0-301F-11D3-BF4B-00C04F79EFBC}") = "MordorsCruelPlan", "MordorsCruelPlan\MordorsCruelPlan.csproj", "{4130AA5C-66CE-4D48-AB73-7F621D2B7085}"
EndProject
Global
	GlobalSection(SolutionConfigurationPlatforms) = preSolution
		Debug|Any CPU = Debug|Any CPU
		Release|Any CPU = Release|Any CPU
	EndGlobalSection
	GlobalSection(ProjectConfigurationPlatforms) = postSolution
		{C63A9E63-0030-4219-B4A3-5E0F6B50185A}.Debug|Any CPU.ActiveCfg = Debug|Any CPU
		{C63A9E63-0030-4219-B4A3-5E0F6B50185A}.Debug|Any CPU.Build.0 = Debug|Any CPU
		{C63A9E63-0030-4219-B4A3-5E0F6B50185A}.Release|Any CPU.ActiveCfg = Release|Any CPU
		{C63A9E63-0030-4219-B4A3-5E0F6B50185A}.Release|Any CPU.Build.0 = Release|Any CPU
		{CC827495-4577-4E11-A5FE-A925F0E0E0A5}.Debug|Any CPU.ActiveCfg = Debug|Any CPU
		{CC827495-4577-4E11-A5FE-A925F0E0E0A5}.Debug|Any CPU.Build.0 = Debug|Any CPU
		{CC827495-4577-4E11-A5FE-A925F0E0E0A5}.Release|Any CPU.ActiveCfg = Release|Any CPU
		{CC827495-4577-4E11-A5FE-A925F0E0E0A5}.Release|Any CPU.Build.0 = Release|Any CPU
		{AB710809-1740-4781-81A2-05CD9906AEDF}.Debug|Any CPU.ActiveCfg = Debug|Any CPU
		{AB710809-1740-4781-81A2-05CD9906AEDF}.Debug|Any CPU.Build.0 = Debug|Any CPU
		{AB710809-1740-4781-81A2-05CD9906AEDF}.Release|Any CPU.ActiveCfg = Release|Any CPU
		{AB710809-1740-4781-81A2-05CD9906AEDF}.Release|Any CPU.Build.0 = Release|Any CPU
		{5145613A-AD94-42F9-9581-2F5445A9466E}.Debug|Any CPU.ActiveCfg = Debug|Any CPU
		{5145613A-AD94-42F9-9581-2F5445A9466E}.Debug|Any CPU.Build.0 = Debug|Any CPU
		{5145613A-AD94-42F9-9581-2F5445A9466E}.Release|Any CPU.ActiveCfg = Release|Any CPU
		{5145613A-AD94-42F9-9581-2F5445A9466E}.Release|Any CPU.Build.0 = Release|Any CPU
		{F0F0EA10-F391-491F-957B-14A54E968F0F}.Debug|Any CPU.ActiveCfg = Debug|Any CPU
		{F0F0EA10-F391-491F-957B-14A54E968F0F}.Debug|Any CPU.Build.0 = Debug|Any CPU
		{F0F0EA10-F391-491F-957B-14A54E968F0F}.Release|Any CPU.ActiveCfg = Release|Any CPU
		{F0F0EA10-F391-491F-957B-14A54E968F0F}.Release|Any CPU.Build.0 = Release|Any CPU
		{4130AA5C-66CE-4D48-AB73-7F621D2B7085}.Debug|Any CPU.ActiveCfg = Debug|Any CPU
		{4130AA5C-66CE-4D48-AB73-7F621D2B7085}.Debug|Any CPU.Build.0 = Debug|Any CPU
		{4130AA5C-66CE-4D48-AB73-7F621D2B7085}.Release|Any CPU.ActiveCfg = Release|Any CPU
		{4130AA5C-66CE-4D48-AB73-7F621D2B7085}.Release|Any CPU.Build.0 = Release|Any CPU
	EndGlobalSection
	GlobalSection(SolutionProperties) = preSolution
		HideSolutionNode = FALSE
	EndGlobalSection
	GlobalSection(ExtensibilityGlobals) = postSolution
		SolutionGuid = {F86C02D1-2896-4619-8FC9-39739C45A4C5}
	EndGlobalSection
EndGlobal
